
Microsoft Visual Studio Solution File, Format Version 12.00
# Visual Studio Version 17
VisualStudioVersion = 17.13.35825.156 d17.13
MinimumVisualStudioVersion = 10.0.40219.1
Project("{FAE04EC0-301F-11D3-BF4B-00C04F79EFBC}") = "TicTacToe", "TicTacToe\TicTacToe.csproj", "{9B5EEE4E-DA06-4751-9EA0-3636843F1B36}"
EndProject
Global
	GlobalSection(SolutionConfigurationPlatforms) = preSolution
		Debug|Any CPU = Debug|Any CPU
		Release|Any CPU = Release|Any CPU
	EndGlobalSection
	GlobalSection(ProjectConfigurationPlatforms) = postSolution
		{9B5EEE4E-DA06-4751-9EA0-3636843F1B36}.Debug|Any CPU.ActiveCfg = Debug|Any CPU
		{9B5EEE4E-DA06-4751-9EA0-3636843F1B36}.Debug|Any CPU.Build.0 = Debug|Any CPU
		{9B5EEE4E-DA06-4751-9EA0-3636843F1B36}.Release|Any CPU.ActiveCfg = Release|Any CPU
		{9B5EEE4E-DA06-4751-9EA0-3636843F1B36}.Release|Any CPU.Build.0 = Release|Any CPU
	EndGlobalSection
	GlobalSection(SolutionProperties) = preSolution
		HideSolutionNode = FALSE
	EndGlobalSection
	GlobalSection(ExtensibilityGlobals) = postSolution
		SolutionGuid = {D3D22E8C-828B-434A-B78E-EB0A4BB3C0D6}
	EndGlobalSection
EndGlobal
